{
  "version": 4,
  "terraform_version": "0.12.9",
  "serial": 25,
  "lineage": "b1174ad2-d11b-6da3-f8d6-11da130306a1",
  "outputs": {
    "config_map_aws_auth": {
      "value": "\n\napiVersion: v1\nkind: ConfigMap\nmetadata:\n  name: aws-auth\n  namespace: kube-system\ndata:\n  mapRoles: |\n    - rolearn: arn:aws:iam::326869539878:role/terraform-eks-node\n      username: system:node:{{EC2PrivateDNSName}}\n      groups:\n        - system:bootstrappers\n        - system:nodes\n",
      "type": "string"
    },
    "kubeconfig": {
      "value": "\n\napiVersion: v1\nclusters:\n- cluster:\n    server: https://AFC2447FDAF71451DB5D712F73BCF5C1.sk1.us-west-2.eks.amazonaws.com\n    certificate-authority-data: LS0tLS1CRUdJTiBDRVJUSUZJQ0FURS0tLS0tCk1JSUN5RENDQWJDZ0F3SUJBZ0lCQURBTkJna3Foa2lHOXcwQkFRc0ZBREFWTVJNd0VRWURWUVFERXdwcmRXSmwKY201bGRHVnpNQjRYRFRFNU1UQXdNekEyTXpFME5Gb1hEVEk1TURrek1EQTJNekUwTkZvd0ZURVRNQkVHQTFVRQpBeE1LYTNWaVpYSnVaWFJsY3pDQ0FTSXdEUVlKS29aSWh2Y05BUUVCQlFBRGdnRVBBRENDQVFvQ2dnRUJBTERKCjc0M2J3YjJ5ZlA3eFFaVmQ1NlJvMnYwQzVYQitHRWl6L2Jpek9kV3JrRmdjZWI1MTBaM0hoNkthWmorRzIxUWIKVXVGQWxzVmVHZERnNXJoRTJ4T0s3OGozL0FHelJTdlpUS0ZoNHg4L0I1cTlKaDBjVjVsMDRLU1M5bWx4MFNYTAo0MWhaOHJFc0pIZ1U1aW9TbFFQL1UySWFUOVAwSDNsdHhEQzRVM2ZHdkJXN3JXK0VKY3JSd1JWakF6bGhGNGdaCnZQclNzZis4VU4zc1JOaFNGR2FvRzF0eUhjRGpKK2dIWmRFN0VwVW8vV1lRVVlzZUxmRUhYcUtwV1NaaXVwT0YKYnJib0N6enBXaWJSUDMxYzRVWnlTVGpldXJxZzhIU29GZDRtTFgvNmVLVnpjNzJpdGlYUWdOZUo1Y1hXNm9NegpRUGk2Q0p1ZXVDb0hMenh6ZlcwQ0F3RUFBYU1qTUNFd0RnWURWUjBQQVFIL0JBUURBZ0trTUE4R0ExVWRFd0VCCi93UUZNQU1CQWY4d0RRWUpLb1pJaHZjTkFRRUxCUUFEZ2dFQkFCZ3NTOVdvU3JTcWN1T3ljR1d5N1pCejFCRnMKOVNRTXlPTTdmVzNIVGcyOGZTUkxqZW1XY0pTR1dXcE05L0MwbmNPUjBkTk9kS2lwYTg1TVQyNjBpL1lIUG9Oago4SVBWSUNpdDVEaXdOSncyTDNoTFZESDJEZ0wyV2ZxY0VXb0x4Q1BsN3F2QzJGV1hyTHU3ZWZxNUpHRG9NdENlCnZyUGY3dVo2NzRROUg3d3dORXFleVluenpIVTBabG5iMTNtWG5tWjRQb2V5UWpGaW9FL01WRERFanhXdmlDVDkKb2w3dUozeEFUOURRdFpIRitDTFVSaEN6eE5TRFRxdkNmSHM3SndrZHJZZkFublZ0bUtGWG5uK2lUUGVZY1RpcQpFVlRiMVVEaUd2cHhCVFMzQkI3QjdKZDJ1MUZydWlhZmttWFVlVk9JMU9kRnFsUkRLbS9FMU1keGVFYz0KLS0tLS1FTkQgQ0VSVElGSUNBVEUtLS0tLQo=\n  name: kubernetes\ncontexts:\n- context:\n    cluster: kubernetes\n    user: aws\n  name: aws\ncurrent-context: aws\nkind: Config\npreferences: {}\nusers:\n- name: aws\n  user:\n    exec:\n      apiVersion: client.authentication.k8s.io/v1alpha1\n      command: aws-iam-authenticator\n      args:\n        - \"token\"\n        - \"-i\"\n        - \"terraform-eks\"\n",
      "type": "string"
    }
  },
  "resources": [
    {
      "mode": "data",
      "type": "aws_ami",
      "name": "eks-worker",
      "provider": "provider.aws",
      "instances": [
        {
          "schema_version": 0,
          "attributes": {
            "architecture": "x86_64",
            "block_device_mappings": [
              {
                "device_name": "/dev/xvda",
                "ebs": {
                  "delete_on_termination": "true",
                  "encrypted": "false",
                  "iops": "0",
                  "snapshot_id": "snap-0e4abe77d39471a5c",
                  "volume_size": "20",
                  "volume_type": "gp2"
                },
                "no_device": "",
                "virtual_name": ""
              }
            ],
            "creation_date": "2019-09-28T10:44:44.000Z",
            "description": "EKS Kubernetes Worker AMI with AmazonLinux2 image, (k8s: 1.13.11, docker:18.06)",
            "executable_users": null,
            "filter": [
              {
                "name": "name",
                "values": [
                  "amazon-eks-node-1.13-v*"
                ]
              }
            ],
            "hypervisor": "xen",
            "id": "ami-0619d38218e46ef86",
            "image_id": "ami-0619d38218e46ef86",
            "image_location": "amazon/amazon-eks-node-1.13-v20190927",
            "image_owner_alias": "amazon",
            "image_type": "machine",
            "kernel_id": null,
            "most_recent": true,
            "name": "amazon-eks-node-1.13-v20190927",
            "name_regex": null,
            "owner_id": "602401143452",
            "owners": [
              "602401143452"
            ],
            "platform": null,
            "product_codes": [],
            "public": true,
            "ramdisk_id": null,
            "root_device_name": "/dev/xvda",
            "root_device_type": "ebs",
            "root_snapshot_id": "snap-0e4abe77d39471a5c",
            "sriov_net_support": "simple",
            "state": "available",
            "state_reason": {
              "code": "UNSET",
              "message": "UNSET"
            },
            "tags": {},
            "virtualization_type": "hvm"
          },
          "depends_on": [
            "aws_eks_cluster.eks"
          ]
        }
      ]
    },
    {
      "mode": "data",
      "type": "aws_availability_zones",
      "name": "available",
      "provider": "provider.aws",
      "instances": [
        {
          "schema_version": 0,
          "attributes": {
            "blacklisted_names": null,
            "blacklisted_zone_ids": null,
            "id": "2019-10-03 06:19:27.020211325 +0000 UTC",
            "names": [
              "us-west-2a",
              "us-west-2b",
              "us-west-2c",
              "us-west-2d"
            ],
            "state": null,
            "zone_ids": [
              "usw2-az2",
              "usw2-az1",
              "usw2-az3",
              "usw2-az4"
            ]
          }
        }
      ]
    },
    {
      "mode": "data",
      "type": "aws_region",
      "name": "current",
      "provider": "provider.aws",
      "instances": [
        {
          "schema_version": 0,
          "attributes": {
            "current": null,
            "description": "US West (Oregon)",
            "endpoint": "ec2.us-west-2.amazonaws.com",
            "id": "us-west-2",
            "name": "us-west-2"
          }
        }
      ]
    },
    {
      "mode": "managed",
      "type": "aws_autoscaling_group",
      "name": "eks",
      "provider": "provider.aws",
      "instances": [
        {
          "schema_version": 0,
          "attributes": {
            "arn": "arn:aws:autoscaling:us-west-2:326869539878:autoScalingGroup:e5ffae9f-e308-41db-837c-f0428057e3f8:autoScalingGroupName/terraform-eks",
            "availability_zones": [
              "us-west-2a",
              "us-west-2b"
            ],
            "default_cooldown": 300,
            "desired_capacity": 3,
            "enabled_metrics": null,
            "force_delete": false,
            "health_check_grace_period": 300,
            "health_check_type": "EC2",
            "id": "terraform-eks",
            "initial_lifecycle_hook": [],
            "launch_configuration": "terraform-eks20191003063348009400000006",
            "launch_template": [],
            "load_balancers": [],
            "max_size": 3,
            "metrics_granularity": "1Minute",
            "min_elb_capacity": null,
            "min_size": 1,
            "mixed_instances_policy": [],
            "name": "terraform-eks",
            "name_prefix": null,
            "placement_group": "",
            "protect_from_scale_in": false,
            "service_linked_role_arn": "arn:aws:iam::326869539878:role/aws-service-role/autoscaling.amazonaws.com/AWSServiceRoleForAutoScaling",
            "suspended_processes": null,
            "tag": [
              {
                "key": "Name",
                "propagate_at_launch": true,
                "value": "terraform-eks"
              },
              {
                "key": "kubernetes.io/cluster/terraform-eks",
                "propagate_at_launch": true,
                "value": "owned"
              }
            ],
            "tags": null,
            "target_group_arns": [],
            "termination_policies": null,
            "timeouts": null,
            "vpc_zone_identifier": [
              "subnet-02e81c8d53e608c79",
              "subnet-0b768d02ba577d6c6"
            ],
            "wait_for_capacity_timeout": "10m",
            "wait_for_elb_capacity": null
          },
          "private": "eyJlMmJmYjczMC1lY2FhLTExZTYtOGY4OC0zNDM2M2JjN2M0YzAiOnsiZGVsZXRlIjo2MDAwMDAwMDAwMDB9fQ==",
          "depends_on": [
            "aws_launch_configuration.eks",
            "aws_subnet.eks"
          ]
        }
      ]
    },
    {
      "mode": "managed",
      "type": "aws_eks_cluster",
      "name": "eks",
      "provider": "provider.aws",
      "instances": [
        {
          "schema_version": 0,
          "attributes": {
            "arn": "arn:aws:eks:us-west-2:326869539878:cluster/terraform-eks",
            "certificate_authority": [
              {
                "data": "LS0tLS1CRUdJTiBDRVJUSUZJQ0FURS0tLS0tCk1JSUN5RENDQWJDZ0F3SUJBZ0lCQURBTkJna3Foa2lHOXcwQkFRc0ZBREFWTVJNd0VRWURWUVFERXdwcmRXSmwKY201bGRHVnpNQjRYRFRFNU1UQXdNekEyTXpFME5Gb1hEVEk1TURrek1EQTJNekUwTkZvd0ZURVRNQkVHQTFVRQpBeE1LYTNWaVpYSnVaWFJsY3pDQ0FTSXdEUVlKS29aSWh2Y05BUUVCQlFBRGdnRVBBRENDQVFvQ2dnRUJBTERKCjc0M2J3YjJ5ZlA3eFFaVmQ1NlJvMnYwQzVYQitHRWl6L2Jpek9kV3JrRmdjZWI1MTBaM0hoNkthWmorRzIxUWIKVXVGQWxzVmVHZERnNXJoRTJ4T0s3OGozL0FHelJTdlpUS0ZoNHg4L0I1cTlKaDBjVjVsMDRLU1M5bWx4MFNYTAo0MWhaOHJFc0pIZ1U1aW9TbFFQL1UySWFUOVAwSDNsdHhEQzRVM2ZHdkJXN3JXK0VKY3JSd1JWakF6bGhGNGdaCnZQclNzZis4VU4zc1JOaFNGR2FvRzF0eUhjRGpKK2dIWmRFN0VwVW8vV1lRVVlzZUxmRUhYcUtwV1NaaXVwT0YKYnJib0N6enBXaWJSUDMxYzRVWnlTVGpldXJxZzhIU29GZDRtTFgvNmVLVnpjNzJpdGlYUWdOZUo1Y1hXNm9NegpRUGk2Q0p1ZXVDb0hMenh6ZlcwQ0F3RUFBYU1qTUNFd0RnWURWUjBQQVFIL0JBUURBZ0trTUE4R0ExVWRFd0VCCi93UUZNQU1CQWY4d0RRWUpLb1pJaHZjTkFRRUxCUUFEZ2dFQkFCZ3NTOVdvU3JTcWN1T3ljR1d5N1pCejFCRnMKOVNRTXlPTTdmVzNIVGcyOGZTUkxqZW1XY0pTR1dXcE05L0MwbmNPUjBkTk9kS2lwYTg1TVQyNjBpL1lIUG9Oago4SVBWSUNpdDVEaXdOSncyTDNoTFZESDJEZ0wyV2ZxY0VXb0x4Q1BsN3F2QzJGV1hyTHU3ZWZxNUpHRG9NdENlCnZyUGY3dVo2NzRROUg3d3dORXFleVluenpIVTBabG5iMTNtWG5tWjRQb2V5UWpGaW9FL01WRERFanhXdmlDVDkKb2w3dUozeEFUOURRdFpIRitDTFVSaEN6eE5TRFRxdkNmSHM3SndrZHJZZkFublZ0bUtGWG5uK2lUUGVZY1RpcQpFVlRiMVVEaUd2cHhCVFMzQkI3QjdKZDJ1MUZydWlhZmttWFVlVk9JMU9kRnFsUkRLbS9FMU1keGVFYz0KLS0tLS1FTkQgQ0VSVElGSUNBVEUtLS0tLQo="
              }
            ],
            "created_at": "2019-10-03 06:24:52 +0000 UTC",
            "enabled_cluster_log_types": null,
            "endpoint": "https://AFC2447FDAF71451DB5D712F73BCF5C1.sk1.us-west-2.eks.amazonaws.com",
            "id": "terraform-eks",
            "identity": [
              {
                "oidc": [
                  {
                    "issuer": "https://oidc.eks.us-west-2.amazonaws.com/id/AFC2447FDAF71451DB5D712F73BCF5C1"
                  }
                ]
              }
            ],
            "name": "terraform-eks",
            "platform_version": "eks.4",
            "role_arn": "arn:aws:iam::326869539878:role/terraform-eks-cluster",
            "status": "ACTIVE",
            "timeouts": null,
            "version": "1.13",
            "vpc_config": [
              {
                "endpoint_private_access": false,
                "endpoint_public_access": true,
                "security_group_ids": [
                  "sg-0b4b896068fbbfdcc"
                ],
                "subnet_ids": [
                  "subnet-02e81c8d53e608c79",
                  "subnet-0b768d02ba577d6c6"
                ],
                "vpc_id": "vpc-061d64e88eb2d646b"
              }
            ]
          },
          "private": "eyJlMmJmYjczMC1lY2FhLTExZTYtOGY4OC0zNDM2M2JjN2M0YzAiOnsiY3JlYXRlIjoxODAwMDAwMDAwMDAwLCJkZWxldGUiOjkwMDAwMDAwMDAwMCwidXBkYXRlIjozNjAwMDAwMDAwMDAwfX0=",
          "depends_on": [
            "aws_iam_role.eks-cluster",
            "aws_iam_role_policy_attachment.eks-cluster-AmazonEKSClusterPolicy",
            "aws_iam_role_policy_attachment.eks-cluster-AmazonEKSServicePolicy",
            "aws_security_group.eks-cluster",
            "aws_subnet.eks"
          ]
        }
      ]
    },
    {
      "mode": "managed",
      "type": "aws_iam_instance_profile",
      "name": "eks-node",
      "provider": "provider.aws",
      "instances": [
        {
          "schema_version": 0,
          "attributes": {
            "arn": "arn:aws:iam::326869539878:instance-profile/terraform-eks",
            "create_date": "2019-10-03T06:21:23Z",
            "id": "terraform-eks",
            "name": "terraform-eks",
            "name_prefix": null,
            "path": "/",
            "role": "terraform-eks-node",
            "roles": [],
            "unique_id": "AIPAUYGXRLQTC6BHUJMSF"
          },
          "private": "bnVsbA==",
          "depends_on": [
            "aws_iam_role.eks-node"
          ]
        }
      ]
    },
    {
      "mode": "managed",
      "type": "aws_iam_role",
      "name": "eks-cluster",
      "provider": "provider.aws",
      "instances": [
        {
          "schema_version": 0,
          "attributes": {
            "arn": "arn:aws:iam::326869539878:role/terraform-eks-cluster",
            "assume_role_policy": "{\"Version\":\"2012-10-17\",\"Statement\":[{\"Effect\":\"Allow\",\"Principal\":{\"Service\":\"eks.amazonaws.com\"},\"Action\":\"sts:AssumeRole\"}]}",
            "create_date": "2019-10-03T06:21:04Z",
            "description": "",
            "force_detach_policies": false,
            "id": "terraform-eks-cluster",
            "max_session_duration": 3600,
            "name": "terraform-eks-cluster",
            "name_prefix": null,
            "path": "/",
            "permissions_boundary": null,
            "tags": null,
            "unique_id": "AROAUYGXRLQTA7IBR5MOE"
          },
          "private": "bnVsbA=="
        }
      ]
    },
    {
      "mode": "managed",
      "type": "aws_iam_role",
      "name": "eks-node",
      "provider": "provider.aws",
      "instances": [
        {
          "schema_version": 0,
          "attributes": {
            "arn": "arn:aws:iam::326869539878:role/terraform-eks-node",
            "assume_role_policy": "{\"Version\":\"2012-10-17\",\"Statement\":[{\"Effect\":\"Allow\",\"Principal\":{\"Service\":\"ec2.amazonaws.com\"},\"Action\":\"sts:AssumeRole\"}]}",
            "create_date": "2019-10-03T06:21:04Z",
            "description": "",
            "force_detach_policies": false,
            "id": "terraform-eks-node",
            "max_session_duration": 3600,
            "name": "terraform-eks-node",
            "name_prefix": null,
            "path": "/",
            "permissions_boundary": null,
            "tags": null,
            "unique_id": "AROAUYGXRLQTI3N6KXF3D"
          },
          "private": "bnVsbA=="
        }
      ]
    },
    {
      "mode": "managed",
      "type": "aws_iam_role_policy_attachment",
      "name": "eks-cluster-AmazonEKSClusterPolicy",
      "provider": "provider.aws",
      "instances": [
        {
          "schema_version": 0,
          "attributes": {
            "id": "terraform-eks-cluster-20191003062124510500000002",
            "policy_arn": "arn:aws:iam::aws:policy/AmazonEKSClusterPolicy",
            "role": "terraform-eks-cluster"
          },
          "private": "bnVsbA==",
          "depends_on": [
            "aws_iam_role.eks-cluster"
          ]
        }
      ]
    },
    {
      "mode": "managed",
      "type": "aws_iam_role_policy_attachment",
      "name": "eks-cluster-AmazonEKSServicePolicy",
      "provider": "provider.aws",
      "instances": [
        {
          "schema_version": 0,
          "attributes": {
            "id": "terraform-eks-cluster-20191003062124510000000001",
            "policy_arn": "arn:aws:iam::aws:policy/AmazonEKSServicePolicy",
            "role": "terraform-eks-cluster"
          },
          "private": "bnVsbA==",
          "depends_on": [
            "aws_iam_role.eks-cluster"
          ]
        }
      ]
    },
    {
      "mode": "managed",
      "type": "aws_iam_role_policy_attachment",
      "name": "eks-node-AmazonEC2ContainerRegistryReadOnly",
      "provider": "provider.aws",
      "instances": [
        {
          "schema_version": 0,
          "attributes": {
            "id": "terraform-eks-node-20191003062124553100000003",
            "policy_arn": "arn:aws:iam::aws:policy/AmazonEC2ContainerRegistryReadOnly",
            "role": "terraform-eks-node"
          },
          "private": "bnVsbA==",
          "depends_on": [
            "aws_iam_role.eks-node"
          ]
        }
      ]
    },
    {
      "mode": "managed",
      "type": "aws_iam_role_policy_attachment",
      "name": "eks-node-AmazonEKSWorkerNodePolicy",
      "provider": "provider.aws",
      "instances": [
        {
          "schema_version": 0,
          "attributes": {
            "id": "terraform-eks-node-20191003062124571000000004",
            "policy_arn": "arn:aws:iam::aws:policy/AmazonEKSWorkerNodePolicy",
            "role": "terraform-eks-node"
          },
          "private": "bnVsbA==",
          "depends_on": [
            "aws_iam_role.eks-node"
          ]
        }
      ]
    },
    {
      "mode": "managed",
      "type": "aws_iam_role_policy_attachment",
      "name": "eks-node-AmazonEKS_CNI_Policy",
      "provider": "provider.aws",
      "instances": [
        {
          "schema_version": 0,
          "attributes": {
            "id": "terraform-eks-node-20191003062124587900000005",
            "policy_arn": "arn:aws:iam::aws:policy/AmazonEKS_CNI_Policy",
            "role": "terraform-eks-node"
          },
          "private": "bnVsbA==",
          "depends_on": [
            "aws_iam_role.eks-node"
          ]
        }
      ]
    },
    {
      "mode": "managed",
      "type": "aws_internet_gateway",
      "name": "eks",
      "provider": "provider.aws",
      "instances": [
        {
          "schema_version": 0,
          "attributes": {
            "id": "igw-0435e77c16357a1c8",
            "owner_id": "326869539878",
            "tags": {
              "Name": "terraform-eks"
            },
            "vpc_id": "vpc-061d64e88eb2d646b"
          },
          "private": "bnVsbA==",
          "depends_on": [
            "aws_vpc.eks"
          ]
        }
      ]
    },
    {
      "mode": "managed",
      "type": "aws_launch_configuration",
      "name": "eks",
      "provider": "provider.aws",
      "instances": [
        {
          "schema_version": 0,
          "attributes": {
            "associate_public_ip_address": true,
            "ebs_block_device": [],
            "ebs_optimized": false,
            "enable_monitoring": true,
            "ephemeral_block_device": [],
            "iam_instance_profile": "terraform-eks",
            "id": "terraform-eks20191003063348009400000006",
            "image_id": "ami-0619d38218e46ef86",
            "instance_type": "t2.micro",
            "key_name": "",
            "name": "terraform-eks20191003063348009400000006",
            "name_prefix": "terraform-eks",
            "placement_tenancy": null,
            "root_block_device": [],
            "security_groups": [
              "sg-07128ccb0baa5df7b"
            ],
            "spot_price": "",
            "user_data": null,
            "user_data_base64": "IyEvYmluL2Jhc2gKc2V0IC1vIHh0cmFjZQovZXRjL2Vrcy9ib290c3RyYXAuc2ggLS1hcGlzZXJ2ZXItZW5kcG9pbnQgJ2h0dHBzOi8vQUZDMjQ0N0ZEQUY3MTQ1MURCNUQ3MTJGNzNCQ0Y1QzEuc2sxLnVzLXdlc3QtMi5la3MuYW1hem9uYXdzLmNvbScgLS1iNjQtY2x1c3Rlci1jYSAnTFMwdExTMUNSVWRKVGlCRFJWSlVTVVpKUTBGVVJTMHRMUzB0Q2sxSlNVTjVSRU5EUVdKRFowRjNTVUpCWjBsQ1FVUkJUa0puYTNGb2EybEhPWGN3UWtGUmMwWkJSRUZXVFZKTmQwVlJXVVJXVVZGRVJYZHdjbVJYU213S1kyMDFiR1JIVm5wTlFqUllSRlJGTlUxVVFYZE5la0V5VFhwRk1FNUdiMWhFVkVrMVRVUnJlazFFUVRKTmVrVXdUa1p2ZDBaVVJWUk5Ra1ZIUVRGVlJRcEJlRTFMWVROV2FWcFlTblZhV0ZKc1kzcERRMEZUU1hkRVVWbEtTMjlhU1doMlkwNUJVVVZDUWxGQlJHZG5SVkJCUkVORFFWRnZRMmRuUlVKQlRFUktDamMwTTJKM1lqSjVabEEzZUZGYVZtUTFObEp2TW5Zd1F6VllRaXRIUldsNkwySnBlazlrVjNKclJtZGpaV0kxTVRCYU0waG9Oa3RoV21vclJ6SXhVV0lLVlhWR1FXeHpWbVZIWkVSbk5YSm9SVEo0VDBzM09Hb3pMMEZIZWxKVGRscFVTMFpvTkhnNEwwSTFjVGxLYURCalZqVnNNRFJMVTFNNWJXeDRNRk5ZVEFvME1XaGFPSEpGYzBwSVoxVTFhVzlUYkZGUUwxVXlTV0ZVT1ZBd1NETnNkSGhFUXpSVk0yWkhka0pYTjNKWEswVktZM0pTZDFKV2FrRjZiR2hHTkdkYUNuWlFjbE56WmlzNFZVNHpjMUpPYUZOR1IyRnZSekYwZVVoalJHcEtLMmRJV21SRk4wVndWVzh2VjFsUlZWbHpaVXhtUlVoWWNVdHdWMU5hYVhWd1QwWUtZbkppYjBONmVuQlhhV0pTVURNeFl6UlZXbmxUVkdwbGRYSnhaemhJVTI5R1pEUnRURmd2Tm1WTFZucGpOekpwZEdsWVVXZE9aVW8xWTFoWE5tOU5lZ3BSVUdrMlEwcDFaWFZEYjBoTWVuaDZabGN3UTBGM1JVRkJZVTFxVFVORmQwUm5XVVJXVWpCUVFWRklMMEpCVVVSQlowdHJUVUU0UjBFeFZXUkZkMFZDQ2k5M1VVWk5RVTFDUVdZNGQwUlJXVXBMYjFwSmFIWmpUa0ZSUlV4Q1VVRkVaMmRGUWtGQ1ozTlRPVmR2VTNKVGNXTjFUM2xqUjFkNU4xcENlakZDUm5NS09WTlJUWGxQVFRkbVZ6TklWR2N5T0daVFVreHFaVzFYWTBwVFIxZFhjRTA1TDBNd2JtTlBVakJrVGs5a1MybHdZVGcxVFZReU5qQnBMMWxJVUc5T2FnbzRTVkJXU1VOcGREVkVhWGRPU25jeVRETm9URlpFU0RKRVowd3lWMlp4WTBWWGIweDRRMUJzTjNGMlF6SkdWMWh5VEhVM1pXWnhOVXBIUkc5TmRFTmxDblp5VUdZM2RWbzJOelJST1VnM2QzZE9SWEZsZVZsdWVucElWVEJhYkc1aU1UTnRXRzV0V2pSUWIyVjVVV3BHYVc5RkwwMVdSRVJGYW5oWGRtbERWRGtLYjJ3M2RVb3plRUZVT1VSUmRGcElSaXREVEZWU2FFTjZlRTVUUkZSeGRrTm1TSE0zU25kclpISlpaa0Z1YmxaMGJVdEdXRzV1SzJsVVVHVlpZMVJwY1FwRlZsUmlNVlZFYVVkMmNIaENWRk16UWtJM1FqZEtaREoxTVVaeWRXbGhabXR0V0ZWbFZrOUpNVTlrUm5Gc1VrUkxiUzlGTVUxa2VHVkZZejBLTFMwdExTMUZUa1FnUTBWU1ZFbEdTVU5CVkVVdExTMHRMUW89JyAndGVycmFmb3JtLWVrcycK",
            "vpc_classic_link_id": "",
            "vpc_classic_link_security_groups": null
          },
          "private": "bnVsbA==",
          "depends_on": [
            "aws_iam_instance_profile.eks-node",
            "aws_security_group.eks-node",
            "data.aws_ami.eks-worker"
          ]
        }
      ]
    },
    {
      "mode": "managed",
      "type": "aws_route_table",
      "name": "eks",
      "provider": "provider.aws",
      "instances": [
        {
          "schema_version": 0,
          "attributes": {
            "id": "rtb-0e32b6be8e37aa6b0",
            "owner_id": "326869539878",
            "propagating_vgws": [],
            "route": [
              {
                "cidr_block": "0.0.0.0/0",
                "egress_only_gateway_id": "",
                "gateway_id": "igw-0435e77c16357a1c8",
                "instance_id": "",
                "ipv6_cidr_block": "",
                "nat_gateway_id": "",
                "network_interface_id": "",
                "transit_gateway_id": "",
                "vpc_peering_connection_id": ""
              }
            ],
            "tags": null,
            "vpc_id": "vpc-061d64e88eb2d646b"
          },
          "private": "bnVsbA==",
          "depends_on": [
            "aws_internet_gateway.eks",
            "aws_vpc.eks"
          ]
        }
      ]
    },
    {
      "mode": "managed",
      "type": "aws_route_table_association",
      "name": "eks",
      "each": "list",
      "provider": "provider.aws",
      "instances": [
        {
          "index_key": 0,
          "schema_version": 0,
          "attributes": {
            "id": "rtbassoc-0fa952452d0e1e430",
            "route_table_id": "rtb-0e32b6be8e37aa6b0",
            "subnet_id": "subnet-02e81c8d53e608c79"
          },
          "private": "bnVsbA==",
          "depends_on": [
            "aws_route_table.eks",
            "aws_subnet.eks"
          ]
        },
        {
          "index_key": 1,
          "schema_version": 0,
          "attributes": {
            "id": "rtbassoc-04f666898cea0217c",
            "route_table_id": "rtb-0e32b6be8e37aa6b0",
            "subnet_id": "subnet-0b768d02ba577d6c6"
          },
          "private": "bnVsbA==",
          "depends_on": [
            "aws_route_table.eks",
            "aws_subnet.eks"
          ]
        }
      ]
    },
    {
      "mode": "managed",
      "type": "aws_security_group",
      "name": "eks-cluster",
      "provider": "provider.aws",
      "instances": [
        {
          "schema_version": 1,
          "attributes": {
            "arn": "arn:aws:ec2:us-west-2:326869539878:security-group/sg-0b4b896068fbbfdcc",
            "description": "Cluster communication with worker nodes",
            "egress": [
              {
                "cidr_blocks": [
                  "0.0.0.0/0"
                ],
                "description": "",
                "from_port": 0,
                "ipv6_cidr_blocks": [],
                "prefix_list_ids": [],
                "protocol": "-1",
                "security_groups": [],
                "self": false,
                "to_port": 0
              }
            ],
            "id": "sg-0b4b896068fbbfdcc",
            "ingress": [],
            "name": "terraform-eks-cluster",
            "name_prefix": null,
            "owner_id": "326869539878",
            "revoke_rules_on_delete": false,
            "tags": {
              "Name": "terraform-eks"
            },
            "timeouts": null,
            "vpc_id": "vpc-061d64e88eb2d646b"
          },
          "private": "eyJlMmJmYjczMC1lY2FhLTExZTYtOGY4OC0zNDM2M2JjN2M0YzAiOnsiY3JlYXRlIjo2MDAwMDAwMDAwMDAsImRlbGV0ZSI6NjAwMDAwMDAwMDAwfSwic2NoZW1hX3ZlcnNpb24iOiIxIn0=",
          "depends_on": [
            "aws_vpc.eks"
          ]
        }
      ]
    },
    {
      "mode": "managed",
      "type": "aws_security_group",
      "name": "eks-node",
      "provider": "provider.aws",
      "instances": [
        {
          "schema_version": 1,
          "attributes": {
            "arn": "arn:aws:ec2:us-west-2:326869539878:security-group/sg-07128ccb0baa5df7b",
            "description": "Security group for all nodes in the cluster",
            "egress": [
              {
                "cidr_blocks": [
                  "0.0.0.0/0"
                ],
                "description": "",
                "from_port": 0,
                "ipv6_cidr_blocks": [],
                "prefix_list_ids": [],
                "protocol": "-1",
                "security_groups": [],
                "self": false,
                "to_port": 0
              }
            ],
            "id": "sg-07128ccb0baa5df7b",
            "ingress": [],
            "name": "terraform-eks-node",
            "name_prefix": null,
            "owner_id": "326869539878",
            "revoke_rules_on_delete": false,
            "tags": {
              "Name": "terraform-eks-node",
              "kubernetes.io/cluster/terraform-eks": "owned"
            },
            "timeouts": null,
            "vpc_id": "vpc-061d64e88eb2d646b"
          },
          "private": "eyJlMmJmYjczMC1lY2FhLTExZTYtOGY4OC0zNDM2M2JjN2M0YzAiOnsiY3JlYXRlIjo2MDAwMDAwMDAwMDAsImRlbGV0ZSI6NjAwMDAwMDAwMDAwfSwic2NoZW1hX3ZlcnNpb24iOiIxIn0=",
          "depends_on": [
            "aws_vpc.eks"
          ]
        }
      ]
    },
    {
      "mode": "managed",
      "type": "aws_security_group_rule",
      "name": "eks-cluster-ingress-node-https",
      "provider": "provider.aws",
      "instances": [
        {
          "schema_version": 2,
          "attributes": {
            "cidr_blocks": null,
            "description": "Allow pods to communicate with the cluster API Server",
            "from_port": 443,
            "id": "sgrule-937639113",
            "ipv6_cidr_blocks": null,
            "prefix_list_ids": null,
            "protocol": "tcp",
            "security_group_id": "sg-0b4b896068fbbfdcc",
            "self": false,
            "source_security_group_id": "sg-07128ccb0baa5df7b",
            "to_port": 443,
            "type": "ingress"
          },
          "private": "eyJzY2hlbWFfdmVyc2lvbiI6IjIifQ==",
          "depends_on": [
            "aws_security_group.eks-cluster",
            "aws_security_group.eks-node"
          ]
        }
      ]
    },
    {
      "mode": "managed",
      "type": "aws_security_group_rule",
      "name": "eks-node-ingress-cluster",
      "provider": "provider.aws",
      "instances": [
        {
          "schema_version": 2,
          "attributes": {
            "cidr_blocks": null,
            "description": "Allow worker Kubelets and pods to receive communication from the cluster control plane",
            "from_port": 1025,
            "id": "sgrule-1453621049",
            "ipv6_cidr_blocks": null,
            "prefix_list_ids": null,
            "protocol": "tcp",
            "security_group_id": "sg-07128ccb0baa5df7b",
            "self": false,
            "source_security_group_id": "sg-0b4b896068fbbfdcc",
            "to_port": 65535,
            "type": "ingress"
          },
          "private": "eyJzY2hlbWFfdmVyc2lvbiI6IjIifQ==",
          "depends_on": [
            "aws_security_group.eks-cluster",
            "aws_security_group.eks-node"
          ]
        }
      ]
    },
    {
      "mode": "managed",
      "type": "aws_security_group_rule",
      "name": "eks-node-ingress-self",
      "provider": "provider.aws",
      "instances": [
        {
          "schema_version": 2,
          "attributes": {
            "cidr_blocks": null,
            "description": "Allow node to communicate with each other",
            "from_port": 0,
            "id": "sgrule-4088806296",
            "ipv6_cidr_blocks": null,
            "prefix_list_ids": null,
            "protocol": "-1",
            "security_group_id": "sg-07128ccb0baa5df7b",
            "self": false,
            "source_security_group_id": "sg-07128ccb0baa5df7b",
            "to_port": 65535,
            "type": "ingress"
          },
          "private": "eyJzY2hlbWFfdmVyc2lvbiI6IjIifQ==",
          "depends_on": [
            "aws_security_group.eks-node"
          ]
        }
      ]
    },
    {
      "mode": "managed",
      "type": "aws_subnet",
      "name": "eks",
      "each": "list",
      "provider": "provider.aws",
      "instances": [
        {
          "index_key": 0,
          "schema_version": 1,
          "attributes": {
            "arn": "arn:aws:ec2:us-west-2:326869539878:subnet/subnet-02e81c8d53e608c79",
            "assign_ipv6_address_on_creation": false,
            "availability_zone": "us-west-2a",
            "availability_zone_id": "usw2-az2",
            "cidr_block": "10.0.0.0/24",
            "id": "subnet-02e81c8d53e608c79",
            "ipv6_cidr_block": "",
            "ipv6_cidr_block_association_id": "",
            "map_public_ip_on_launch": false,
            "owner_id": "326869539878",
            "tags": {
              "Name": "terraform-eks-node",
              "kubernetes.io/cluster/terraform-eks": "shared"
            },
            "timeouts": null,
            "vpc_id": "vpc-061d64e88eb2d646b"
          },
          "private": "eyJlMmJmYjczMC1lY2FhLTExZTYtOGY4OC0zNDM2M2JjN2M0YzAiOnsiY3JlYXRlIjo2MDAwMDAwMDAwMDAsImRlbGV0ZSI6MTIwMDAwMDAwMDAwMH0sInNjaGVtYV92ZXJzaW9uIjoiMSJ9",
          "depends_on": [
            "aws_vpc.eks",
            "data.aws_availability_zones.available"
          ]
        },
        {
          "index_key": 1,
          "schema_version": 1,
          "attributes": {
            "arn": "arn:aws:ec2:us-west-2:326869539878:subnet/subnet-0b768d02ba577d6c6",
            "assign_ipv6_address_on_creation": false,
            "availability_zone": "us-west-2b",
            "availability_zone_id": "usw2-az1",
            "cidr_block": "10.0.1.0/24",
            "id": "subnet-0b768d02ba577d6c6",
            "ipv6_cidr_block": "",
            "ipv6_cidr_block_association_id": "",
            "map_public_ip_on_launch": false,
            "owner_id": "326869539878",
            "tags": {
              "Name": "terraform-eks-node",
              "kubernetes.io/cluster/terraform-eks": "shared"
            },
            "timeouts": null,
            "vpc_id": "vpc-061d64e88eb2d646b"
          },
          "private": "eyJlMmJmYjczMC1lY2FhLTExZTYtOGY4OC0zNDM2M2JjN2M0YzAiOnsiY3JlYXRlIjo2MDAwMDAwMDAwMDAsImRlbGV0ZSI6MTIwMDAwMDAwMDAwMH0sInNjaGVtYV92ZXJzaW9uIjoiMSJ9",
          "depends_on": [
            "aws_vpc.eks",
            "data.aws_availability_zones.available"
          ]
        }
      ]
    },
    {
      "mode": "managed",
      "type": "aws_vpc",
      "name": "eks",
      "provider": "provider.aws",
      "instances": [
        {
          "schema_version": 1,
          "attributes": {
            "arn": "arn:aws:ec2:us-west-2:326869539878:vpc/vpc-061d64e88eb2d646b",
            "assign_generated_ipv6_cidr_block": false,
            "cidr_block": "10.0.0.0/16",
            "default_network_acl_id": "acl-0852cf038a0f4dedf",
            "default_route_table_id": "rtb-0f30cd59c554b3c4c",
            "default_security_group_id": "sg-03820d30048b84494",
            "dhcp_options_id": "dopt-ce68bcb6",
            "enable_classiclink": false,
            "enable_classiclink_dns_support": false,
            "enable_dns_hostnames": false,
            "enable_dns_support": true,
            "id": "vpc-061d64e88eb2d646b",
            "instance_tenancy": "default",
            "ipv6_association_id": "",
            "ipv6_cidr_block": "",
            "main_route_table_id": "rtb-0f30cd59c554b3c4c",
            "owner_id": "326869539878",
            "tags": {
              "Name": "terraform-eks-node",
              "kubernetes.io/cluster/terraform-eks": "shared"
            }
          },
          "private": "eyJzY2hlbWFfdmVyc2lvbiI6IjEifQ=="
        }
      ]
    }
  ]
}
