{
  "version": 4,
  "terraform_version": "0.12.9",
  "serial": 25,
  "lineage": "8ffb1e69-3f44-496d-3693-473fe19896aa",
  "outputs": {
    "config_map_aws_auth": {
      "value": "\n\napiVersion: v1\nkind: ConfigMap\nmetadata:\n  name: aws-auth\n  namespace: kube-system\ndata:\n  mapRoles: |\n    - rolearn: arn:aws:iam::326869539878:role/terraform-eks-node\n      username: system:node:{{EC2PrivateDNSName}}\n      groups:\n        - system:bootstrappers\n        - system:nodes\n",
      "type": "string"
    },
    "kubeconfig": {
      "value": "\n\napiVersion: v1\nclusters:\n- cluster:\n    server: https://73557C87C20BECBF05642CCA7DBAEB4A.yl4.us-west-2.eks.amazonaws.com\n    certificate-authority-data: LS0tLS1CRUdJTiBDRVJUSUZJQ0FURS0tLS0tCk1JSUN5RENDQWJDZ0F3SUJBZ0lCQURBTkJna3Foa2lHOXcwQkFRc0ZBREFWTVJNd0VRWURWUVFERXdwcmRXSmwKY201bGRHVnpNQjRYRFRFNU1UQXdNVEV5TWpFME0xb1hEVEk1TURreU9ERXlNakUwTTFvd0ZURVRNQkVHQTFVRQpBeE1LYTNWaVpYSnVaWFJsY3pDQ0FTSXdEUVlKS29aSWh2Y05BUUVCQlFBRGdnRVBBRENDQVFvQ2dnRUJBTjdUCjJGcUpjN0M1R2l3RVEvaE1ZWFdPcW5qZm0zajRWU2YraUVnZWx6Z1BQSlp4SlU3V3Q2cFRHamZuajVkYTJxdysKNXZnbVg5dHhJV1pGbjN2eDVpMFFqVU1qV2hKWGQ0Nno5K1NwZUduUE1LdWIybWtuUW5GaG9oTEhCeVUySUZSMApoTGVqN1lIMTFOMmRTQU9pYXZlbWdiYS8xYjdad2tQdlZSVlNpSDIyWCtDbnEwOEhtSnpLem00ZzNuVHA0SVl6ClVVVkZDSWNwM1FVSjNaZ2VZN2d2SUcrOE5wblg1M2pEVVppRHZza1djMHVFTy9mTmJqUE9ZVW02SlBVRXJCYU0KQmJ5cnRWU3J1cGtick9TbTBUTjBmNEVhNGQrNWJpUFRYNy94TmJCUzVkRkVWTW5WaS91L2J4bXpMOWhELzFvQgozR2JGOXRYNzh4ZGVZSXZxaDRjQ0F3RUFBYU1qTUNFd0RnWURWUjBQQVFIL0JBUURBZ0trTUE4R0ExVWRFd0VCCi93UUZNQU1CQWY4d0RRWUpLb1pJaHZjTkFRRUxCUUFEZ2dFQkFIaitPUHF3SnFjdnQ5aFRBRGFmR1NUUUFya2YKcUErNlRFTlFSWWtkUG9CaWZkKzE1NVJkM1VRSWI5Wm1XeHVOZlNsYWdIaGdtaTg3MjBwUkZ6NUo4QWxBVTBaUQo0UGNKSDlMWFFySk5pTHZnZUFUUUxxd0wzNU42aENqck9reGpuRjk3MGNsR0tLcGE0ODRaUjVHdjRqZTBmRnY0CmpmVEhQeDlVTEJyZTdtQitDSWs1eVVIU1J1YVhhUjFHU2RsZXNLL3E0aTFJaS9KcEtOZFM5eWkwZlBEVm5BMVAKYmVxakJGMW0xTUxjQUhhUEpqUHNkY0MyblVLNnVVa2lsRW5DY2F6Z2dmQ3ppNnpSWXRRYWFGd29aOFMvcXViUgowaWc0WnUxTkJMcHRyeDdBeDJ6NzdkSW1WcmIrV0RYYVB0YXROaE1jZWhBcVBiUkppdnZEOEpWMXlrND0KLS0tLS1FTkQgQ0VSVElGSUNBVEUtLS0tLQo=\n  name: kubernetes\ncontexts:\n- context:\n    cluster: kubernetes\n    user: aws\n  name: aws\ncurrent-context: aws\nkind: Config\npreferences: {}\nusers:\n- name: aws\n  user:\n    exec:\n      apiVersion: client.authentication.k8s.io/v1alpha1\n      command: aws-iam-authenticator\n      args:\n        - \"token\"\n        - \"-i\"\n        - \"terraform-eks\"\n",
      "type": "string"
    }
  },
  "resources": [
    {
      "mode": "data",
      "type": "aws_ami",
      "name": "eks-worker",
      "provider": "provider.aws",
      "instances": [
        {
          "schema_version": 0,
          "attributes": {
            "architecture": "x86_64",
            "block_device_mappings": [
              {
                "device_name": "/dev/xvda",
                "ebs": {
                  "delete_on_termination": "true",
                  "encrypted": "false",
                  "iops": "0",
                  "snapshot_id": "snap-0e4abe77d39471a5c",
                  "volume_size": "20",
                  "volume_type": "gp2"
                },
                "no_device": "",
                "virtual_name": ""
              }
            ],
            "creation_date": "2019-09-28T10:44:44.000Z",
            "description": "EKS Kubernetes Worker AMI with AmazonLinux2 image, (k8s: 1.13.11, docker:18.06)",
            "executable_users": null,
            "filter": [
              {
                "name": "name",
                "values": [
                  "amazon-eks-node-1.13-v*"
                ]
              }
            ],
            "hypervisor": "xen",
            "id": "ami-0619d38218e46ef86",
            "image_id": "ami-0619d38218e46ef86",
            "image_location": "amazon/amazon-eks-node-1.13-v20190927",
            "image_owner_alias": "amazon",
            "image_type": "machine",
            "kernel_id": null,
            "most_recent": true,
            "name": "amazon-eks-node-1.13-v20190927",
            "name_regex": null,
            "owner_id": "602401143452",
            "owners": [
              "602401143452"
            ],
            "platform": null,
            "product_codes": [],
            "public": true,
            "ramdisk_id": null,
            "root_device_name": "/dev/xvda",
            "root_device_type": "ebs",
            "root_snapshot_id": "snap-0e4abe77d39471a5c",
            "sriov_net_support": "simple",
            "state": "available",
            "state_reason": {
              "code": "UNSET",
              "message": "UNSET"
            },
            "tags": {},
            "virtualization_type": "hvm"
          },
          "depends_on": [
            "aws_eks_cluster.eks"
          ]
        }
      ]
    },
    {
      "mode": "data",
      "type": "aws_availability_zones",
      "name": "available",
      "provider": "provider.aws",
      "instances": [
        {
          "schema_version": 0,
          "attributes": {
            "blacklisted_names": null,
            "blacklisted_zone_ids": null,
            "id": "2019-10-01 12:11:36.037301544 +0000 UTC",
            "names": [
              "us-west-2a",
              "us-west-2b",
              "us-west-2c",
              "us-west-2d"
            ],
            "state": null,
            "zone_ids": [
              "usw2-az2",
              "usw2-az1",
              "usw2-az3",
              "usw2-az4"
            ]
          }
        }
      ]
    },
    {
      "mode": "data",
      "type": "aws_region",
      "name": "current",
      "provider": "provider.aws",
      "instances": [
        {
          "schema_version": 0,
          "attributes": {
            "current": null,
            "description": "US West (Oregon)",
            "endpoint": "ec2.us-west-2.amazonaws.com",
            "id": "us-west-2",
            "name": "us-west-2"
          }
        }
      ]
    },
    {
      "mode": "managed",
      "type": "aws_autoscaling_group",
      "name": "eks",
      "provider": "provider.aws",
      "instances": [
        {
          "schema_version": 0,
          "attributes": {
            "arn": "arn:aws:autoscaling:us-west-2:326869539878:autoScalingGroup:01e772c2-4cd2-420a-8c45-98933721b541:autoScalingGroupName/terraform-eks",
            "availability_zones": [
              "us-west-2a",
              "us-west-2b"
            ],
            "default_cooldown": 300,
            "desired_capacity": 2,
            "enabled_metrics": null,
            "force_delete": false,
            "health_check_grace_period": 300,
            "health_check_type": "EC2",
            "id": "terraform-eks",
            "initial_lifecycle_hook": [],
            "launch_configuration": "terraform-eks20191001122402327000000006",
            "launch_template": [],
            "load_balancers": [],
            "max_size": 2,
            "metrics_granularity": "1Minute",
            "min_elb_capacity": null,
            "min_size": 1,
            "mixed_instances_policy": [],
            "name": "terraform-eks",
            "name_prefix": null,
            "placement_group": "",
            "protect_from_scale_in": false,
            "service_linked_role_arn": "arn:aws:iam::326869539878:role/aws-service-role/autoscaling.amazonaws.com/AWSServiceRoleForAutoScaling",
            "suspended_processes": null,
            "tag": [
              {
                "key": "Name",
                "propagate_at_launch": true,
                "value": "terraform-eks"
              },
              {
                "key": "kubernetes.io/cluster/terraform-eks",
                "propagate_at_launch": true,
                "value": "owned"
              }
            ],
            "tags": null,
            "target_group_arns": [],
            "termination_policies": null,
            "timeouts": null,
            "vpc_zone_identifier": [
              "subnet-009e374b81790a85b",
              "subnet-0fbfce4b044df0c19"
            ],
            "wait_for_capacity_timeout": "10m",
            "wait_for_elb_capacity": null
          },
          "private": "eyJlMmJmYjczMC1lY2FhLTExZTYtOGY4OC0zNDM2M2JjN2M0YzAiOnsiZGVsZXRlIjo2MDAwMDAwMDAwMDB9fQ==",
          "depends_on": [
            "aws_launch_configuration.eks",
            "aws_subnet.eks"
          ]
        }
      ]
    },
    {
      "mode": "managed",
      "type": "aws_eks_cluster",
      "name": "eks",
      "provider": "provider.aws",
      "instances": [
        {
          "schema_version": 0,
          "attributes": {
            "arn": "arn:aws:eks:us-west-2:326869539878:cluster/terraform-eks",
            "certificate_authority": [
              {
                "data": "LS0tLS1CRUdJTiBDRVJUSUZJQ0FURS0tLS0tCk1JSUN5RENDQWJDZ0F3SUJBZ0lCQURBTkJna3Foa2lHOXcwQkFRc0ZBREFWTVJNd0VRWURWUVFERXdwcmRXSmwKY201bGRHVnpNQjRYRFRFNU1UQXdNVEV5TWpFME0xb1hEVEk1TURreU9ERXlNakUwTTFvd0ZURVRNQkVHQTFVRQpBeE1LYTNWaVpYSnVaWFJsY3pDQ0FTSXdEUVlKS29aSWh2Y05BUUVCQlFBRGdnRVBBRENDQVFvQ2dnRUJBTjdUCjJGcUpjN0M1R2l3RVEvaE1ZWFdPcW5qZm0zajRWU2YraUVnZWx6Z1BQSlp4SlU3V3Q2cFRHamZuajVkYTJxdysKNXZnbVg5dHhJV1pGbjN2eDVpMFFqVU1qV2hKWGQ0Nno5K1NwZUduUE1LdWIybWtuUW5GaG9oTEhCeVUySUZSMApoTGVqN1lIMTFOMmRTQU9pYXZlbWdiYS8xYjdad2tQdlZSVlNpSDIyWCtDbnEwOEhtSnpLem00ZzNuVHA0SVl6ClVVVkZDSWNwM1FVSjNaZ2VZN2d2SUcrOE5wblg1M2pEVVppRHZza1djMHVFTy9mTmJqUE9ZVW02SlBVRXJCYU0KQmJ5cnRWU3J1cGtick9TbTBUTjBmNEVhNGQrNWJpUFRYNy94TmJCUzVkRkVWTW5WaS91L2J4bXpMOWhELzFvQgozR2JGOXRYNzh4ZGVZSXZxaDRjQ0F3RUFBYU1qTUNFd0RnWURWUjBQQVFIL0JBUURBZ0trTUE4R0ExVWRFd0VCCi93UUZNQU1CQWY4d0RRWUpLb1pJaHZjTkFRRUxCUUFEZ2dFQkFIaitPUHF3SnFjdnQ5aFRBRGFmR1NUUUFya2YKcUErNlRFTlFSWWtkUG9CaWZkKzE1NVJkM1VRSWI5Wm1XeHVOZlNsYWdIaGdtaTg3MjBwUkZ6NUo4QWxBVTBaUQo0UGNKSDlMWFFySk5pTHZnZUFUUUxxd0wzNU42aENqck9reGpuRjk3MGNsR0tLcGE0ODRaUjVHdjRqZTBmRnY0CmpmVEhQeDlVTEJyZTdtQitDSWs1eVVIU1J1YVhhUjFHU2RsZXNLL3E0aTFJaS9KcEtOZFM5eWkwZlBEVm5BMVAKYmVxakJGMW0xTUxjQUhhUEpqUHNkY0MyblVLNnVVa2lsRW5DY2F6Z2dmQ3ppNnpSWXRRYWFGd29aOFMvcXViUgowaWc0WnUxTkJMcHRyeDdBeDJ6NzdkSW1WcmIrV0RYYVB0YXROaE1jZWhBcVBiUkppdnZEOEpWMXlrND0KLS0tLS1FTkQgQ0VSVElGSUNBVEUtLS0tLQo="
              }
            ],
            "created_at": "2019-10-01 12:14:48 +0000 UTC",
            "enabled_cluster_log_types": null,
            "endpoint": "https://73557C87C20BECBF05642CCA7DBAEB4A.yl4.us-west-2.eks.amazonaws.com",
            "id": "terraform-eks",
            "identity": [
              {
                "oidc": [
                  {
                    "issuer": "https://oidc.eks.us-west-2.amazonaws.com/id/73557C87C20BECBF05642CCA7DBAEB4A"
                  }
                ]
              }
            ],
            "name": "terraform-eks",
            "platform_version": "eks.4",
            "role_arn": "arn:aws:iam::326869539878:role/terraform-eks-cluster",
            "status": "ACTIVE",
            "timeouts": null,
            "version": "1.13",
            "vpc_config": [
              {
                "endpoint_private_access": false,
                "endpoint_public_access": true,
                "security_group_ids": [
                  "sg-0e045a48e5b8822f1"
                ],
                "subnet_ids": [
                  "subnet-009e374b81790a85b",
                  "subnet-0fbfce4b044df0c19"
                ],
                "vpc_id": "vpc-0d4cad1de5995ec07"
              }
            ]
          },
          "private": "eyJlMmJmYjczMC1lY2FhLTExZTYtOGY4OC0zNDM2M2JjN2M0YzAiOnsiY3JlYXRlIjoxODAwMDAwMDAwMDAwLCJkZWxldGUiOjkwMDAwMDAwMDAwMCwidXBkYXRlIjozNjAwMDAwMDAwMDAwfX0=",
          "depends_on": [
            "aws_iam_role.eks-cluster",
            "aws_iam_role_policy_attachment.eks-cluster-AmazonEKSClusterPolicy",
            "aws_iam_role_policy_attachment.eks-cluster-AmazonEKSServicePolicy",
            "aws_security_group.eks-cluster",
            "aws_subnet.eks"
          ]
        }
      ]
    },
    {
      "mode": "managed",
      "type": "aws_iam_instance_profile",
      "name": "eks-node",
      "provider": "provider.aws",
      "instances": [
        {
          "schema_version": 0,
          "attributes": {
            "arn": "arn:aws:iam::326869539878:instance-profile/terraform-eks",
            "create_date": "2019-10-01T12:12:46Z",
            "id": "terraform-eks",
            "name": "terraform-eks",
            "name_prefix": null,
            "path": "/",
            "role": "terraform-eks-node",
            "roles": [],
            "unique_id": "AIPAUYGXRLQTNE5WJR55M"
          },
          "private": "bnVsbA==",
          "depends_on": [
            "aws_iam_role.eks-node"
          ]
        }
      ]
    },
    {
      "mode": "managed",
      "type": "aws_iam_role",
      "name": "eks-cluster",
      "provider": "provider.aws",
      "instances": [
        {
          "schema_version": 0,
          "attributes": {
            "arn": "arn:aws:iam::326869539878:role/terraform-eks-cluster",
            "assume_role_policy": "{\"Version\":\"2012-10-17\",\"Statement\":[{\"Effect\":\"Allow\",\"Principal\":{\"Service\":\"eks.amazonaws.com\"},\"Action\":\"sts:AssumeRole\"}]}",
            "create_date": "2019-10-01T12:12:34Z",
            "description": "",
            "force_detach_policies": false,
            "id": "terraform-eks-cluster",
            "max_session_duration": 3600,
            "name": "terraform-eks-cluster",
            "name_prefix": null,
            "path": "/",
            "permissions_boundary": null,
            "tags": null,
            "unique_id": "AROAUYGXRLQTF4MUQIHI4"
          },
          "private": "bnVsbA=="
        }
      ]
    },
    {
      "mode": "managed",
      "type": "aws_iam_role",
      "name": "eks-node",
      "provider": "provider.aws",
      "instances": [
        {
          "schema_version": 0,
          "attributes": {
            "arn": "arn:aws:iam::326869539878:role/terraform-eks-node",
            "assume_role_policy": "{\"Version\":\"2012-10-17\",\"Statement\":[{\"Effect\":\"Allow\",\"Principal\":{\"Service\":\"ec2.amazonaws.com\"},\"Action\":\"sts:AssumeRole\"}]}",
            "create_date": "2019-10-01T12:12:34Z",
            "description": "",
            "force_detach_policies": false,
            "id": "terraform-eks-node",
            "max_session_duration": 3600,
            "name": "terraform-eks-node",
            "name_prefix": null,
            "path": "/",
            "permissions_boundary": null,
            "tags": null,
            "unique_id": "AROAUYGXRLQTDJN7HVTMZ"
          },
          "private": "bnVsbA=="
        }
      ]
    },
    {
      "mode": "managed",
      "type": "aws_iam_role_policy_attachment",
      "name": "eks-cluster-AmazonEKSClusterPolicy",
      "provider": "provider.aws",
      "instances": [
        {
          "schema_version": 0,
          "attributes": {
            "id": "terraform-eks-cluster-20191001121246218000000002",
            "policy_arn": "arn:aws:iam::aws:policy/AmazonEKSClusterPolicy",
            "role": "terraform-eks-cluster"
          },
          "private": "bnVsbA==",
          "depends_on": [
            "aws_iam_role.eks-cluster"
          ]
        }
      ]
    },
    {
      "mode": "managed",
      "type": "aws_iam_role_policy_attachment",
      "name": "eks-cluster-AmazonEKSServicePolicy",
      "provider": "provider.aws",
      "instances": [
        {
          "schema_version": 0,
          "attributes": {
            "id": "terraform-eks-cluster-20191001121246224600000003",
            "policy_arn": "arn:aws:iam::aws:policy/AmazonEKSServicePolicy",
            "role": "terraform-eks-cluster"
          },
          "private": "bnVsbA==",
          "depends_on": [
            "aws_iam_role.eks-cluster"
          ]
        }
      ]
    },
    {
      "mode": "managed",
      "type": "aws_iam_role_policy_attachment",
      "name": "eks-node-AmazonEC2ContainerRegistryReadOnly",
      "provider": "provider.aws",
      "instances": [
        {
          "schema_version": 0,
          "attributes": {
            "id": "terraform-eks-node-20191001121246246400000004",
            "policy_arn": "arn:aws:iam::aws:policy/AmazonEC2ContainerRegistryReadOnly",
            "role": "terraform-eks-node"
          },
          "private": "bnVsbA==",
          "depends_on": [
            "aws_iam_role.eks-node"
          ]
        }
      ]
    },
    {
      "mode": "managed",
      "type": "aws_iam_role_policy_attachment",
      "name": "eks-node-AmazonEKSWorkerNodePolicy",
      "provider": "provider.aws",
      "instances": [
        {
          "schema_version": 0,
          "attributes": {
            "id": "terraform-eks-node-20191001121246259200000005",
            "policy_arn": "arn:aws:iam::aws:policy/AmazonEKSWorkerNodePolicy",
            "role": "terraform-eks-node"
          },
          "private": "bnVsbA==",
          "depends_on": [
            "aws_iam_role.eks-node"
          ]
        }
      ]
    },
    {
      "mode": "managed",
      "type": "aws_iam_role_policy_attachment",
      "name": "eks-node-AmazonEKS_CNI_Policy",
      "provider": "provider.aws",
      "instances": [
        {
          "schema_version": 0,
          "attributes": {
            "id": "terraform-eks-node-20191001121246195300000001",
            "policy_arn": "arn:aws:iam::aws:policy/AmazonEKS_CNI_Policy",
            "role": "terraform-eks-node"
          },
          "private": "bnVsbA==",
          "depends_on": [
            "aws_iam_role.eks-node"
          ]
        }
      ]
    },
    {
      "mode": "managed",
      "type": "aws_internet_gateway",
      "name": "eks",
      "provider": "provider.aws",
      "instances": [
        {
          "schema_version": 0,
          "attributes": {
            "id": "igw-0ce87355f1eb4154f",
            "owner_id": "326869539878",
            "tags": {
              "Name": "terraform-eks"
            },
            "vpc_id": "vpc-0d4cad1de5995ec07"
          },
          "private": "bnVsbA==",
          "depends_on": [
            "aws_vpc.eks"
          ]
        }
      ]
    },
    {
      "mode": "managed",
      "type": "aws_launch_configuration",
      "name": "eks",
      "provider": "provider.aws",
      "instances": [
        {
          "schema_version": 0,
          "attributes": {
            "associate_public_ip_address": true,
            "ebs_block_device": [],
            "ebs_optimized": false,
            "enable_monitoring": true,
            "ephemeral_block_device": [],
            "iam_instance_profile": "terraform-eks",
            "id": "terraform-eks20191001122402327000000006",
            "image_id": "ami-0619d38218e46ef86",
            "instance_type": "m4.large",
            "key_name": "",
            "name": "terraform-eks20191001122402327000000006",
            "name_prefix": "terraform-eks",
            "placement_tenancy": null,
            "root_block_device": [],
            "security_groups": [
              "sg-0c764ae32834b46ca"
            ],
            "spot_price": "",
            "user_data": null,
            "user_data_base64": "IyEvYmluL2Jhc2gKc2V0IC1vIHh0cmFjZQovZXRjL2Vrcy9ib290c3RyYXAuc2ggLS1hcGlzZXJ2ZXItZW5kcG9pbnQgJ2h0dHBzOi8vNzM1NTdDODdDMjBCRUNCRjA1NjQyQ0NBN0RCQUVCNEEueWw0LnVzLXdlc3QtMi5la3MuYW1hem9uYXdzLmNvbScgLS1iNjQtY2x1c3Rlci1jYSAnTFMwdExTMUNSVWRKVGlCRFJWSlVTVVpKUTBGVVJTMHRMUzB0Q2sxSlNVTjVSRU5EUVdKRFowRjNTVUpCWjBsQ1FVUkJUa0puYTNGb2EybEhPWGN3UWtGUmMwWkJSRUZXVFZKTmQwVlJXVVJXVVZGRVJYZHdjbVJYU213S1kyMDFiR1JIVm5wTlFqUllSRlJGTlUxVVFYZE5WRVY1VFdwRk1FMHhiMWhFVkVrMVRVUnJlVTlFUlhsTmFrVXdUVEZ2ZDBaVVJWUk5Ra1ZIUVRGVlJRcEJlRTFMWVROV2FWcFlTblZhV0ZKc1kzcERRMEZUU1hkRVVWbEtTMjlhU1doMlkwNUJVVVZDUWxGQlJHZG5SVkJCUkVORFFWRnZRMmRuUlVKQlRqZFVDakpHY1Vwak4wTTFSMmwzUlZFdmFFMVpXRmRQY1c1cVptMHphalJXVTJZcmFVVm5aV3g2WjFCUVNscDRTbFUzVjNRMmNGUkhhbVp1YWpWa1lUSnhkeXNLTlhabmJWZzVkSGhKVjFwR2JqTjJlRFZwTUZGcVZVMXFWMmhLV0dRME5ubzVLMU53WlVkdVVFMUxkV0l5Yld0dVVXNUdhRzlvVEVoQ2VWVXlTVVpTTUFwb1RHVnFOMWxJTVRGT01tUlRRVTlwWVhabGJXZGlZUzh4WWpkYWQydFFkbFpTVmxOcFNESXlXQ3REYm5Fd09FaHRTbnBMZW0wMFp6TnVWSEEwU1ZsNkNsVlZWa1pEU1dOd00xRlZTak5hWjJWWk4yZDJTVWNyT0U1d2JsZzFNMnBFVlZwcFJIWnphMWRqTUhWRlR5OW1UbUpxVUU5WlZXMDJTbEJWUlhKQ1lVMEtRbUo1Y25SV1UzSjFjR3RpY2s5VGJUQlVUakJtTkVWaE5HUXJOV0pwVUZSWU55OTRUbUpDVXpWa1JrVldUVzVXYVM5MUwySjRiWHBNT1doRUx6RnZRZ296UjJKR09YUllOemg0WkdWWlNYWnhhRFJqUTBGM1JVRkJZVTFxVFVORmQwUm5XVVJXVWpCUVFWRklMMEpCVVVSQlowdHJUVUU0UjBFeFZXUkZkMFZDQ2k5M1VVWk5RVTFDUVdZNGQwUlJXVXBMYjFwSmFIWmpUa0ZSUlV4Q1VVRkVaMmRGUWtGSWFpdFBVSEYzU25GamRuUTVhRlJCUkdGbVIxTlVVVUZ5YTJZS2NVRXJObFJGVGxGU1dXdGtVRzlDYVdaa0t6RTFOVkprTTFWUlNXSTVXbTFYZUhWT1psTnNZV2RJYUdkdGFUZzNNakJ3VWtaNk5VbzRRV3hCVlRCYVVRbzBVR05LU0RsTVdGRnlTazVwVEhablpVRlVVVXh4ZDB3ek5VNDJhRU5xY2s5cmVHcHVSamszTUdOc1IwdExjR0UwT0RSYVVqVkhkalJxWlRCbVJuWTBDbXBtVkVoUWVEbFZURUp5WlRkdFFpdERTV3MxZVZWSVUxSjFZVmhoVWpGSFUyUnNaWE5MTDNFMGFURkphUzlLY0V0T1pGTTVlV2t3WmxCRVZtNUJNVkFLWW1WeGFrSkdNVzB4VFV4alFVaGhVRXBxVUhOa1kwTXlibFZMTm5WVmEybHNSVzVEWTJGNloyZG1RM3BwTm5wU1dYUlJZV0ZHZDI5YU9GTXZjWFZpVWdvd2FXYzBXblV4VGtKTWNIUnllRGRCZURKNk56ZGtTVzFXY21JclYwUllZVkIwWVhST2FFMWpaV2hCY1ZCaVVrcHBkblpFT0VwV01YbHJORDBLTFMwdExTMUZUa1FnUTBWU1ZFbEdTVU5CVkVVdExTMHRMUW89JyAndGVycmFmb3JtLWVrcycK",
            "vpc_classic_link_id": "",
            "vpc_classic_link_security_groups": null
          },
          "private": "bnVsbA==",
          "depends_on": [
            "aws_iam_instance_profile.eks-node",
            "aws_security_group.eks-node",
            "data.aws_ami.eks-worker"
          ]
        }
      ]
    },
    {
      "mode": "managed",
      "type": "aws_route_table",
      "name": "eks",
      "provider": "provider.aws",
      "instances": [
        {
          "schema_version": 0,
          "attributes": {
            "id": "rtb-05f1dce3416c6a3dd",
            "owner_id": "326869539878",
            "propagating_vgws": [],
            "route": [
              {
                "cidr_block": "0.0.0.0/0",
                "egress_only_gateway_id": "",
                "gateway_id": "igw-0ce87355f1eb4154f",
                "instance_id": "",
                "ipv6_cidr_block": "",
                "nat_gateway_id": "",
                "network_interface_id": "",
                "transit_gateway_id": "",
                "vpc_peering_connection_id": ""
              }
            ],
            "tags": null,
            "vpc_id": "vpc-0d4cad1de5995ec07"
          },
          "private": "bnVsbA==",
          "depends_on": [
            "aws_internet_gateway.eks",
            "aws_vpc.eks"
          ]
        }
      ]
    },
    {
      "mode": "managed",
      "type": "aws_route_table_association",
      "name": "eks",
      "each": "list",
      "provider": "provider.aws",
      "instances": [
        {
          "index_key": 0,
          "schema_version": 0,
          "attributes": {
            "id": "rtbassoc-0c4713546ce8a8571",
            "route_table_id": "rtb-05f1dce3416c6a3dd",
            "subnet_id": "subnet-0fbfce4b044df0c19"
          },
          "private": "bnVsbA==",
          "depends_on": [
            "aws_route_table.eks",
            "aws_subnet.eks"
          ]
        },
        {
          "index_key": 1,
          "schema_version": 0,
          "attributes": {
            "id": "rtbassoc-028b29230fc6fd360",
            "route_table_id": "rtb-05f1dce3416c6a3dd",
            "subnet_id": "subnet-009e374b81790a85b"
          },
          "private": "bnVsbA==",
          "depends_on": [
            "aws_route_table.eks",
            "aws_subnet.eks"
          ]
        }
      ]
    },
    {
      "mode": "managed",
      "type": "aws_security_group",
      "name": "eks-cluster",
      "provider": "provider.aws",
      "instances": [
        {
          "schema_version": 1,
          "attributes": {
            "arn": "arn:aws:ec2:us-west-2:326869539878:security-group/sg-0e045a48e5b8822f1",
            "description": "Cluster communication with worker nodes",
            "egress": [
              {
                "cidr_blocks": [
                  "0.0.0.0/0"
                ],
                "description": "",
                "from_port": 0,
                "ipv6_cidr_blocks": [],
                "prefix_list_ids": [],
                "protocol": "-1",
                "security_groups": [],
                "self": false,
                "to_port": 0
              }
            ],
            "id": "sg-0e045a48e5b8822f1",
            "ingress": [],
            "name": "terraform-eks-cluster",
            "name_prefix": null,
            "owner_id": "326869539878",
            "revoke_rules_on_delete": false,
            "tags": {
              "Name": "terraform-eks"
            },
            "timeouts": null,
            "vpc_id": "vpc-0d4cad1de5995ec07"
          },
          "private": "eyJlMmJmYjczMC1lY2FhLTExZTYtOGY4OC0zNDM2M2JjN2M0YzAiOnsiY3JlYXRlIjo2MDAwMDAwMDAwMDAsImRlbGV0ZSI6NjAwMDAwMDAwMDAwfSwic2NoZW1hX3ZlcnNpb24iOiIxIn0=",
          "depends_on": [
            "aws_vpc.eks"
          ]
        }
      ]
    },
    {
      "mode": "managed",
      "type": "aws_security_group",
      "name": "eks-node",
      "provider": "provider.aws",
      "instances": [
        {
          "schema_version": 1,
          "attributes": {
            "arn": "arn:aws:ec2:us-west-2:326869539878:security-group/sg-0c764ae32834b46ca",
            "description": "Security group for all nodes in the cluster",
            "egress": [
              {
                "cidr_blocks": [
                  "0.0.0.0/0"
                ],
                "description": "",
                "from_port": 0,
                "ipv6_cidr_blocks": [],
                "prefix_list_ids": [],
                "protocol": "-1",
                "security_groups": [],
                "self": false,
                "to_port": 0
              }
            ],
            "id": "sg-0c764ae32834b46ca",
            "ingress": [],
            "name": "terraform-eks-node",
            "name_prefix": null,
            "owner_id": "326869539878",
            "revoke_rules_on_delete": false,
            "tags": {
              "Name": "terraform-eks-node",
              "kubernetes.io/cluster/terraform-eks": "owned"
            },
            "timeouts": null,
            "vpc_id": "vpc-0d4cad1de5995ec07"
          },
          "private": "eyJlMmJmYjczMC1lY2FhLTExZTYtOGY4OC0zNDM2M2JjN2M0YzAiOnsiY3JlYXRlIjo2MDAwMDAwMDAwMDAsImRlbGV0ZSI6NjAwMDAwMDAwMDAwfSwic2NoZW1hX3ZlcnNpb24iOiIxIn0=",
          "depends_on": [
            "aws_vpc.eks"
          ]
        }
      ]
    },
    {
      "mode": "managed",
      "type": "aws_security_group_rule",
      "name": "eks-cluster-ingress-node-https",
      "provider": "provider.aws",
      "instances": [
        {
          "schema_version": 2,
          "attributes": {
            "cidr_blocks": null,
            "description": "Allow pods to communicate with the cluster API Server",
            "from_port": 443,
            "id": "sgrule-4294060567",
            "ipv6_cidr_blocks": null,
            "prefix_list_ids": null,
            "protocol": "tcp",
            "security_group_id": "sg-0e045a48e5b8822f1",
            "self": false,
            "source_security_group_id": "sg-0c764ae32834b46ca",
            "to_port": 443,
            "type": "ingress"
          },
          "private": "eyJzY2hlbWFfdmVyc2lvbiI6IjIifQ==",
          "depends_on": [
            "aws_security_group.eks-cluster",
            "aws_security_group.eks-node"
          ]
        }
      ]
    },
    {
      "mode": "managed",
      "type": "aws_security_group_rule",
      "name": "eks-node-ingress-cluster",
      "provider": "provider.aws",
      "instances": [
        {
          "schema_version": 2,
          "attributes": {
            "cidr_blocks": null,
            "description": "Allow worker Kubelets and pods to receive communication from the cluster control plane",
            "from_port": 1025,
            "id": "sgrule-2616210351",
            "ipv6_cidr_blocks": null,
            "prefix_list_ids": null,
            "protocol": "tcp",
            "security_group_id": "sg-0c764ae32834b46ca",
            "self": false,
            "source_security_group_id": "sg-0e045a48e5b8822f1",
            "to_port": 65535,
            "type": "ingress"
          },
          "private": "eyJzY2hlbWFfdmVyc2lvbiI6IjIifQ==",
          "depends_on": [
            "aws_security_group.eks-cluster",
            "aws_security_group.eks-node"
          ]
        }
      ]
    },
    {
      "mode": "managed",
      "type": "aws_security_group_rule",
      "name": "eks-node-ingress-self",
      "provider": "provider.aws",
      "instances": [
        {
          "schema_version": 2,
          "attributes": {
            "cidr_blocks": null,
            "description": "Allow node to communicate with each other",
            "from_port": 0,
            "id": "sgrule-2763222049",
            "ipv6_cidr_blocks": null,
            "prefix_list_ids": null,
            "protocol": "-1",
            "security_group_id": "sg-0c764ae32834b46ca",
            "self": false,
            "source_security_group_id": "sg-0c764ae32834b46ca",
            "to_port": 65535,
            "type": "ingress"
          },
          "private": "eyJzY2hlbWFfdmVyc2lvbiI6IjIifQ==",
          "depends_on": [
            "aws_security_group.eks-node"
          ]
        }
      ]
    },
    {
      "mode": "managed",
      "type": "aws_subnet",
      "name": "eks",
      "each": "list",
      "provider": "provider.aws",
      "instances": [
        {
          "index_key": 0,
          "schema_version": 1,
          "attributes": {
            "arn": "arn:aws:ec2:us-west-2:326869539878:subnet/subnet-0fbfce4b044df0c19",
            "assign_ipv6_address_on_creation": false,
            "availability_zone": "us-west-2a",
            "availability_zone_id": "usw2-az2",
            "cidr_block": "10.0.0.0/24",
            "id": "subnet-0fbfce4b044df0c19",
            "ipv6_cidr_block": "",
            "ipv6_cidr_block_association_id": "",
            "map_public_ip_on_launch": false,
            "owner_id": "326869539878",
            "tags": {
              "Name": "terraform-eks-node",
              "kubernetes.io/cluster/terraform-eks": "shared"
            },
            "timeouts": null,
            "vpc_id": "vpc-0d4cad1de5995ec07"
          },
          "private": "eyJlMmJmYjczMC1lY2FhLTExZTYtOGY4OC0zNDM2M2JjN2M0YzAiOnsiY3JlYXRlIjo2MDAwMDAwMDAwMDAsImRlbGV0ZSI6MTIwMDAwMDAwMDAwMH0sInNjaGVtYV92ZXJzaW9uIjoiMSJ9",
          "depends_on": [
            "aws_vpc.eks",
            "data.aws_availability_zones.available"
          ]
        },
        {
          "index_key": 1,
          "schema_version": 1,
          "attributes": {
            "arn": "arn:aws:ec2:us-west-2:326869539878:subnet/subnet-009e374b81790a85b",
            "assign_ipv6_address_on_creation": false,
            "availability_zone": "us-west-2b",
            "availability_zone_id": "usw2-az1",
            "cidr_block": "10.0.1.0/24",
            "id": "subnet-009e374b81790a85b",
            "ipv6_cidr_block": "",
            "ipv6_cidr_block_association_id": "",
            "map_public_ip_on_launch": false,
            "owner_id": "326869539878",
            "tags": {
              "Name": "terraform-eks-node",
              "kubernetes.io/cluster/terraform-eks": "shared"
            },
            "timeouts": null,
            "vpc_id": "vpc-0d4cad1de5995ec07"
          },
          "private": "eyJlMmJmYjczMC1lY2FhLTExZTYtOGY4OC0zNDM2M2JjN2M0YzAiOnsiY3JlYXRlIjo2MDAwMDAwMDAwMDAsImRlbGV0ZSI6MTIwMDAwMDAwMDAwMH0sInNjaGVtYV92ZXJzaW9uIjoiMSJ9",
          "depends_on": [
            "aws_vpc.eks",
            "data.aws_availability_zones.available"
          ]
        }
      ]
    },
    {
      "mode": "managed",
      "type": "aws_vpc",
      "name": "eks",
      "provider": "provider.aws",
      "instances": [
        {
          "schema_version": 1,
          "attributes": {
            "arn": "arn:aws:ec2:us-west-2:326869539878:vpc/vpc-0d4cad1de5995ec07",
            "assign_generated_ipv6_cidr_block": false,
            "cidr_block": "10.0.0.0/16",
            "default_network_acl_id": "acl-0cacbfe56abd4bd74",
            "default_route_table_id": "rtb-01cdfa8cf45baf5f2",
            "default_security_group_id": "sg-003135dab14f9980c",
            "dhcp_options_id": "dopt-ce68bcb6",
            "enable_classiclink": false,
            "enable_classiclink_dns_support": false,
            "enable_dns_hostnames": false,
            "enable_dns_support": true,
            "id": "vpc-0d4cad1de5995ec07",
            "instance_tenancy": "default",
            "ipv6_association_id": "",
            "ipv6_cidr_block": "",
            "main_route_table_id": "rtb-01cdfa8cf45baf5f2",
            "owner_id": "326869539878",
            "tags": {
              "Name": "terraform-eks-node",
              "kubernetes.io/cluster/terraform-eks": "shared"
            }
          },
          "private": "eyJzY2hlbWFfdmVyc2lvbiI6IjEifQ=="
        }
      ]
    }
  ]
}
